
Microsoft Visual Studio Solution File, Format Version 12.00
# 
Project("{FAE04EC0-301F-11D3-BF4B-00C04F79EFBC}") = "Meeting-Room-Booking-API", "Meeting-Room-Booking-API\Meeting-Room-Booking-API.csproj", "{D424CE0B-2837-4553-A9D1-35C6108A6CE9}"
EndProject
Project("{FAE04EC0-301F-11D3-BF4B-00C04F79EFBC}") = "Meeting-Room-Booking-API.Domain", "Meeting-Room-Booking-API.Domain\Meeting-Room-Booking-API.Domain.csproj", "{FDA61768-CCF9-452B-940B-5AE812B50248}"
EndProject
Project("{FAE04EC0-301F-11D3-BF4B-00C04F79EFBC}") = "Meeting-Room-Booking-API.Application", "Meeting-Room-Booking-API.Application\Meeting-Room-Booking-API.Application.csproj", "{75D86A7B-7298-4D8E-90DE-FDD09B94DA1D}"
EndProject
Project("{FAE04EC0-301F-11D3-BF4B-00C04F79EFBC}") = "Meeting-Room-Booking-API.Infrastructure", "Meeting-Room-Booking-API.Infrastructure\Meeting-Room-Booking-API.Infrastructure.csproj", "{31875E42-B349-493B-92DF-65A63FA272DB}"
EndProject
Project("{FAE04EC0-301F-11D3-BF4B-00C04F79EFBC}") = "Meeting-Room-Booking-API.Tests", "Meeting-Room-Booking-API.Tests\Meeting-Room-Booking-API.Tests.csproj", "{BC502AE5-B6AA-4E9E-A7DA-7618FBE7C392}"
EndProject
Global
	GlobalSection(SolutionConfigurationPlatforms) = preSolution
		Debug|Any CPU = Debug|Any CPU
		Release|Any CPU = Release|Any CPU
	EndGlobalSection
	GlobalSection(ProjectConfigurationPlatforms) = postSolution
		{D424CE0B-2837-4553-A9D1-35C6108A6CE9}.Debug|Any CPU.ActiveCfg = Debug|Any CPU
		{D424CE0B-2837-4553-A9D1-35C6108A6CE9}.Debug|Any CPU.Build.0 = Debug|Any CPU
		{D424CE0B-2837-4553-A9D1-35C6108A6CE9}.Release|Any CPU.ActiveCfg = Release|Any CPU
		{D424CE0B-2837-4553-A9D1-35C6108A6CE9}.Release|Any CPU.Build.0 = Release|Any CPU
		{FDA61768-CCF9-452B-940B-5AE812B50248}.Debug|Any CPU.ActiveCfg = Debug|Any CPU
		{FDA61768-CCF9-452B-940B-5AE812B50248}.Debug|Any CPU.Build.0 = Debug|Any CPU
		{FDA61768-CCF9-452B-940B-5AE812B50248}.Release|Any CPU.ActiveCfg = Release|Any CPU
		{FDA61768-CCF9-452B-940B-5AE812B50248}.Release|Any CPU.Build.0 = Release|Any CPU
		{75D86A7B-7298-4D8E-90DE-FDD09B94DA1D}.Debug|Any CPU.ActiveCfg = Debug|Any CPU
		{75D86A7B-7298-4D8E-90DE-FDD09B94DA1D}.Debug|Any CPU.Build.0 = Debug|Any CPU
		{75D86A7B-7298-4D8E-90DE-FDD09B94DA1D}.Release|Any CPU.ActiveCfg = Release|Any CPU
		{75D86A7B-7298-4D8E-90DE-FDD09B94DA1D}.Release|Any CPU.Build.0 = Release|Any CPU
		{31875E42-B349-493B-92DF-65A63FA272DB}.Debug|Any CPU.ActiveCfg = Debug|Any CPU
		{31875E42-B349-493B-92DF-65A63FA272DB}.Debug|Any CPU.Build.0 = Debug|Any CPU
		{31875E42-B349-493B-92DF-65A63FA272DB}.Release|Any CPU.ActiveCfg = Release|Any CPU
		{31875E42-B349-493B-92DF-65A63FA272DB}.Release|Any CPU.Build.0 = Release|Any CPU
		{BC502AE5-B6AA-4E9E-A7DA-7618FBE7C392}.Debug|Any CPU.ActiveCfg = Debug|Any CPU
		{BC502AE5-B6AA-4E9E-A7DA-7618FBE7C392}.Debug|Any CPU.Build.0 = Debug|Any CPU
		{BC502AE5-B6AA-4E9E-A7DA-7618FBE7C392}.Release|Any CPU.ActiveCfg = Release|Any CPU
		{BC502AE5-B6AA-4E9E-A7DA-7618FBE7C392}.Release|Any CPU.Build.0 = Release|Any CPU
	EndGlobalSection
EndGlobal
